
Microsoft Visual Studio Solution File, Format Version 12.00
# Visual Studio Version 17
VisualStudioVersion = 17.9.34622.214
MinimumVisualStudioVersion = 10.0.40219.1
Project("{FAE04EC0-301F-11D3-BF4B-00C04F79EFBC}") = "ClosetUI", "ClosetUI\ClosetUI\ClosetUI.csproj", "{428E3C76-808E-4C63-B22F-8BD3DA6D52D1}"
EndProject
Project("{FAE04EC0-301F-11D3-BF4B-00C04F79EFBC}") = "ClosetUI.Client", "ClosetUI\ClosetUI.Client\ClosetUI.Client.csproj", "{00A00ED5-9D5D-4234-A06B-6068BE035037}"
EndProject
Global
	GlobalSection(SolutionConfigurationPlatforms) = preSolution
		Debug|Any CPU = Debug|Any CPU
		Release|Any CPU = Release|Any CPU
	EndGlobalSection
	GlobalSection(ProjectConfigurationPlatforms) = postSolution
		{428E3C76-808E-4C63-B22F-8BD3DA6D52D1}.Debug|Any CPU.ActiveCfg = Debug|Any CPU
		{428E3C76-808E-4C63-B22F-8BD3DA6D52D1}.Debug|Any CPU.Build.0 = Debug|Any CPU
		{428E3C76-808E-4C63-B22F-8BD3DA6D52D1}.Release|Any CPU.ActiveCfg = Release|Any CPU
		{428E3C76-808E-4C63-B22F-8BD3DA6D52D1}.Release|Any CPU.Build.0 = Release|Any CPU
		{00A00ED5-9D5D-4234-A06B-6068BE035037}.Debug|Any CPU.ActiveCfg = Debug|Any CPU
		{00A00ED5-9D5D-4234-A06B-6068BE035037}.Debug|Any CPU.Build.0 = Debug|Any CPU
		{00A00ED5-9D5D-4234-A06B-6068BE035037}.Release|Any CPU.ActiveCfg = Release|Any CPU
		{00A00ED5-9D5D-4234-A06B-6068BE035037}.Release|Any CPU.Build.0 = Release|Any CPU
	EndGlobalSection
	GlobalSection(SolutionProperties) = preSolution
		HideSolutionNode = FALSE
	EndGlobalSection
	GlobalSection(ExtensibilityGlobals) = postSolution
		SolutionGuid = {1FF4154B-9497-41DE-BD1D-283886399133}
	EndGlobalSection
EndGlobal
